
Microsoft Visual Studio Solution File, Format Version 12.00
# Visual Studio Version 16
VisualStudioVersion = 16.0.33927.289
MinimumVisualStudioVersion = 10.0.40219.1
Project("{FAE04EC0-301F-11D3-BF4B-00C04F79EFBC}") = "GTXEditor", "GTXEditor\GTXEditor.csproj", "{65499BF9-F947-4A9B-A73C-7769769BBEF0}"
EndProject
Global
	GlobalSection(SolutionConfigurationPlatforms) = preSolution
		Debug|Any CPU = Debug|Any CPU
		Release|Any CPU = Release|Any CPU
	EndGlobalSection
	GlobalSection(ProjectConfigurationPlatforms) = postSolution
		{65499BF9-F947-4A9B-A73C-7769769BBEF0}.Debug|Any CPU.ActiveCfg = Debug|Any CPU
		{65499BF9-F947-4A9B-A73C-7769769BBEF0}.Debug|Any CPU.Build.0 = Debug|Any CPU
		{65499BF9-F947-4A9B-A73C-7769769BBEF0}.Release|Any CPU.ActiveCfg = Release|Any CPU
		{65499BF9-F947-4A9B-A73C-7769769BBEF0}.Release|Any CPU.Build.0 = Release|Any CPU
	EndGlobalSection
	GlobalSection(SolutionProperties) = preSolution
		HideSolutionNode = FALSE
	EndGlobalSection
	GlobalSection(ExtensibilityGlobals) = postSolution
		SolutionGuid = {C76E54EB-AEFF-4718-BA00-2D5F52F2E772}
	EndGlobalSection
EndGlobal
